
Microsoft Visual Studio Solution File, Format Version 12.00
# Visual Studio Version 16
VisualStudioVersion = 16.0.31205.134
MinimumVisualStudioVersion = 10.0.40219.1
Project("{FAE04EC0-301F-11D3-BF4B-00C04F79EFBC}") = "MineEditor", "MineEditor\MineEditor.csproj", "{AB9DC77B-F248-40C4-BB86-791D902A391B}"
EndProject
Global
	GlobalSection(SolutionConfigurationPlatforms) = preSolution
		Debug|Any CPU = Debug|Any CPU
		Release|Any CPU = Release|Any CPU
	EndGlobalSection
	GlobalSection(ProjectConfigurationPlatforms) = postSolution
		{AB9DC77B-F248-40C4-BB86-791D902A391B}.Debug|Any CPU.ActiveCfg = Debug|Any CPU
		{AB9DC77B-F248-40C4-BB86-791D902A391B}.Debug|Any CPU.Build.0 = Debug|Any CPU
		{AB9DC77B-F248-40C4-BB86-791D902A391B}.Release|Any CPU.ActiveCfg = Release|Any CPU
		{AB9DC77B-F248-40C4-BB86-791D902A391B}.Release|Any CPU.Build.0 = Release|Any CPU
	EndGlobalSection
	GlobalSection(SolutionProperties) = preSolution
		HideSolutionNode = FALSE
	EndGlobalSection
	GlobalSection(ExtensibilityGlobals) = postSolution
		SolutionGuid = {C05432C8-BAB0-4126-B8EA-203CF27280B1}
	EndGlobalSection
EndGlobal
